// !$*UTF8*$!
{
	archiveVersion = 1;
	classes = {
	};
	objectVersion = 50;
	objects = {

/* Begin PBXBuildFile section */
		1D80F2EB237265A00004397C /* CubesViewController.swift in Sources */ = {isa = PBXBuildFile; fileRef = 1D80F2E9237265A00004397C /* CubesViewController.swift */; };
		1D80F2EC237265A00004397C /* CubesViewController.xib in Resources */ = {isa = PBXBuildFile; fileRef = 1D80F2EA237265A00004397C /* CubesViewController.xib */; };
		1D80F2F2237297900004397C /* Assets.xcassets in Resources */ = {isa = PBXBuildFile; fileRef = 1D80F2F1237297900004397C /* Assets.xcassets */; };
		1D80F2FE237298230004397C /* explosion.wav in Resources */ = {isa = PBXBuildFile; fileRef = 1D80F2F9237298230004397C /* explosion.wav */; };
		1D80F2FF237298230004397C /* rooster.mp3 in Resources */ = {isa = PBXBuildFile; fileRef = 1D80F2FA237298230004397C /* rooster.mp3 */; };
		1D80F300237298230004397C /* overtake.mp3 in Resources */ = {isa = PBXBuildFile; fileRef = 1D80F2FB237298230004397C /* overtake.mp3 */; };
		1D80F301237298230004397C /* watersplash.wav in Resources */ = {isa = PBXBuildFile; fileRef = 1D80F2FC237298230004397C /* watersplash.wav */; };
		1D80F302237298230004397C /* monkey.mp3 in Resources */ = {isa = PBXBuildFile; fileRef = 1D80F2FD237298230004397C /* monkey.mp3 */; };
		1D80F305237298330004397C /* spark.png in Resources */ = {isa = PBXBuildFile; fileRef = 1D80F303237298330004397C /* spark.png */; };
		1D80F306237298330004397C /* Explode.scnp in Resources */ = {isa = PBXBuildFile; fileRef = 1D80F304237298330004397C /* Explode.scnp */; };
		1D94C83D237140F200A5ABDC /* AppDelegate.swift in Sources */ = {isa = PBXBuildFile; fileRef = 1D94C83C237140F200A5ABDC /* AppDelegate.swift */; };
		1D94C83F237140F200A5ABDC /* art.scnassets in Resources */ = {isa = PBXBuildFile; fileRef = 1D94C83E237140F200A5ABDC /* art.scnassets */; };
		1D94C841237140F200A5ABDC /* ViewController.swift in Sources */ = {isa = PBXBuildFile; fileRef = 1D94C840237140F200A5ABDC /* ViewController.swift */; };
		1D94C844237140F200A5ABDC /* Main.storyboard in Resources */ = {isa = PBXBuildFile; fileRef = 1D94C842237140F200A5ABDC /* Main.storyboard */; };
		1D94C849237140F400A5ABDC /* LaunchScreen.storyboard in Resources */ = {isa = PBXBuildFile; fileRef = 1D94C847237140F400A5ABDC /* LaunchScreen.storyboard */; };
/* End PBXBuildFile section */

/* Begin PBXFileReference section */
		1D80F2E9237265A00004397C /* CubesViewController.swift */ = {isa = PBXFileReference; lastKnownFileType = sourcecode.swift; path = CubesViewController.swift; sourceTree = "<group>"; };
		1D80F2EA237265A00004397C /* CubesViewController.xib */ = {isa = PBXFileReference; lastKnownFileType = file.xib; path = CubesViewController.xib; sourceTree = "<group>"; };
		1D80F2F1237297900004397C /* Assets.xcassets */ = {isa = PBXFileReference; lastKnownFileType = folder.assetcatalog; path = Assets.xcassets; sourceTree = "<group>"; };
		1D80F2F9237298230004397C /* explosion.wav */ = {isa = PBXFileReference; lastKnownFileType = audio.wav; path = explosion.wav; sourceTree = "<group>"; };
		1D80F2FA237298230004397C /* rooster.mp3 */ = {isa = PBXFileReference; lastKnownFileType = audio.mp3; path = rooster.mp3; sourceTree = "<group>"; };
		1D80F2FB237298230004397C /* overtake.mp3 */ = {isa = PBXFileReference; lastKnownFileType = audio.mp3; path = overtake.mp3; sourceTree = "<group>"; };
		1D80F2FC237298230004397C /* watersplash.wav */ = {isa = PBXFileReference; lastKnownFileType = audio.wav; path = watersplash.wav; sourceTree = "<group>"; };
		1D80F2FD237298230004397C /* monkey.mp3 */ = {isa = PBXFileReference; lastKnownFileType = audio.mp3; path = monkey.mp3; sourceTree = "<group>"; };
		1D80F303237298330004397C /* spark.png */ = {isa = PBXFileReference; lastKnownFileType = image.png; path = spark.png; sourceTree = "<group>"; };
		1D80F304237298330004397C /* Explode.scnp */ = {isa = PBXFileReference; lastKnownFileType = file.scp; path = Explode.scnp; sourceTree = "<group>"; };
		1D94C839237140F200A5ABDC /* Demo001.app */ = {isa = PBXFileReference; explicitFileType = wrapper.application; includeInIndex = 0; path = Demo001.app; sourceTree = BUILT_PRODUCTS_DIR; };
		1D94C83C237140F200A5ABDC /* AppDelegate.swift */ = {isa = PBXFileReference; lastKnownFileType = sourcecode.swift; path = AppDelegate.swift; sourceTree = "<group>"; };
		1D94C83E237140F200A5ABDC /* art.scnassets */ = {isa = PBXFileReference; lastKnownFileType = wrapper.scnassets; path = art.scnassets; sourceTree = "<group>"; };
		1D94C840237140F200A5ABDC /* ViewController.swift */ = {isa = PBXFileReference; lastKnownFileType = sourcecode.swift; path = ViewController.swift; sourceTree = "<group>"; };
		1D94C843237140F200A5ABDC /* Base */ = {isa = PBXFileReference; lastKnownFileType = file.storyboard; name = Base; path = Base.lproj/Main.storyboard; sourceTree = "<group>"; };
		1D94C848237140F400A5ABDC /* Base */ = {isa = PBXFileReference; lastKnownFileType = file.storyboard; name = Base; path = Base.lproj/LaunchScreen.storyboard; sourceTree = "<group>"; };
		1D94C84A237140F400A5ABDC /* Info.plist */ = {isa = PBXFileReference; lastKnownFileType = text.plist.xml; path = Info.plist; sourceTree = "<group>"; };
/* End PBXFileReference section */

/* Begin PBXFrameworksBuildPhase section */
		1D94C836237140F200A5ABDC /* Frameworks */ = {
			isa = PBXFrameworksBuildPhase;
			buildActionMask = 2147483647;
			files = (
			);
			runOnlyForDeploymentPostprocessing = 0;
		};
/* End PBXFrameworksBuildPhase section */

/* Begin PBXGroup section */
		1D80F2E82372653E0004397C /* CubesAttack */ = {
			isa = PBXGroup;
			children = (
				1D80F2E9237265A00004397C /* CubesViewController.swift */,
				1D80F2EA237265A00004397C /* CubesViewController.xib */,
			);
			path = CubesAttack;
			sourceTree = "<group>";
		};
		1D80F2F72372980D0004397C /* Particles */ = {
			isa = PBXGroup;
			children = (
				1D80F304237298330004397C /* Explode.scnp */,
				1D80F303237298330004397C /* spark.png */,
			);
			path = Particles;
			sourceTree = "<group>";
		};
		1D80F2F8237298150004397C /* Sounds */ = {
			isa = PBXGroup;
			children = (
				1D80F2FB237298230004397C /* overtake.mp3 */,
				1D80F2F9237298230004397C /* explosion.wav */,
				1D80F2FC237298230004397C /* watersplash.wav */,
				1D80F2FD237298230004397C /* monkey.mp3 */,
				1D80F2FA237298230004397C /* rooster.mp3 */,
			);
			path = Sounds;
			sourceTree = "<group>";
		};
		1D80F307237298930004397C /* Views */ = {
			isa = PBXGroup;
			children = (
				1D94C842237140F200A5ABDC /* Main.storyboard */,
			);
			path = Views;
			sourceTree = "<group>";
		};
		1D80F3082372989A0004397C /* Controllers */ = {
			isa = PBXGroup;
			children = (
				1D94C840237140F200A5ABDC /* ViewController.swift */,
			);
			path = Controllers;
			sourceTree = "<group>";
		};
		1D94C830237140F200A5ABDC = {
			isa = PBXGroup;
			children = (
				1D94C83B237140F200A5ABDC /* Demo001 */,
				1D94C83A237140F200A5ABDC /* Products */,
			);
			sourceTree = "<group>";
		};
		1D94C83A237140F200A5ABDC /* Products */ = {
			isa = PBXGroup;
			children = (
				1D94C839237140F200A5ABDC /* Demo001.app */,
			);
			name = Products;
			sourceTree = "<group>";
		};
		1D94C83B237140F200A5ABDC /* Demo001 */ = {
			isa = PBXGroup;
			children = (
				1D80F3082372989A0004397C /* Controllers */,
				1D80F307237298930004397C /* Views */,
				1D80F2F8237298150004397C /* Sounds */,
				1D80F2F72372980D0004397C /* Particles */,
				1D94C83C237140F200A5ABDC /* AppDelegate.swift */,
				1D94C84A237140F400A5ABDC /* Info.plist */,
				1D80F2E82372653E0004397C /* CubesAttack */,
				1D94C83E237140F200A5ABDC /* art.scnassets */,
				1D80F2F1237297900004397C /* Assets.xcassets */,
				1D94C847237140F400A5ABDC /* LaunchScreen.storyboard */,
			);
			path = Demo001;
			sourceTree = "<group>";
		};
/* End PBXGroup section */

/* Begin PBXNativeTarget section */
		1D94C838237140F200A5ABDC /* Demo001 */ = {
			isa = PBXNativeTarget;
			buildConfigurationList = 1D94C84D237140F400A5ABDC /* Build configuration list for PBXNativeTarget "Demo001" */;
			buildPhases = (
				1D94C835237140F200A5ABDC /* Sources */,
				1D94C836237140F200A5ABDC /* Frameworks */,
				1D94C837237140F200A5ABDC /* Resources */,
			);
			buildRules = (
			);
			dependencies = (
			);
			name = Demo001;
			productName = Demo001;
			productReference = 1D94C839237140F200A5ABDC /* Demo001.app */;
			productType = "com.apple.product-type.application";
		};
/* End PBXNativeTarget section */

/* Begin PBXProject section */
		1D94C831237140F200A5ABDC /* Project object */ = {
			isa = PBXProject;
			attributes = {
				LastSwiftUpdateCheck = 1030;
				LastUpgradeCheck = 1030;
				ORGANIZATIONNAME = "Arkray Marketing, Inc.";
				TargetAttributes = {
					1D94C838237140F200A5ABDC = {
						CreatedOnToolsVersion = 10.3;
					};
				};
			};
			buildConfigurationList = 1D94C834237140F200A5ABDC /* Build configuration list for PBXProject "Demo001" */;
			compatibilityVersion = "Xcode 9.3";
			developmentRegion = en;
			hasScannedForEncodings = 0;
			knownRegions = (
				en,
				Base,
			);
			mainGroup = 1D94C830237140F200A5ABDC;
			productRefGroup = 1D94C83A237140F200A5ABDC /* Products */;
			projectDirPath = "";
			projectRoot = "";
			targets = (
				1D94C838237140F200A5ABDC /* Demo001 */,
			);
		};
/* End PBXProject section */

/* Begin PBXResourcesBuildPhase section */
		1D94C837237140F200A5ABDC /* Resources */ = {
			isa = PBXResourcesBuildPhase;
			buildActionMask = 2147483647;
			files = (
				1D80F305237298330004397C /* spark.png in Resources */,
				1D80F301237298230004397C /* watersplash.wav in Resources */,
				1D80F2FE237298230004397C /* explosion.wav in Resources */,
				1D80F2EC237265A00004397C /* CubesViewController.xib in Resources */,
				1D94C83F237140F200A5ABDC /* art.scnassets in Resources */,
				1D80F300237298230004397C /* overtake.mp3 in Resources */,
				1D94C849237140F400A5ABDC /* LaunchScreen.storyboard in Resources */,
				1D94C844237140F200A5ABDC /* Main.storyboard in Resources */,
				1D80F302237298230004397C /* monkey.mp3 in Resources */,
				1D80F2F2237297900004397C /* Assets.xcassets in Resources */,
				1D80F2FF237298230004397C /* rooster.mp3 in Resources */,
				1D80F306237298330004397C /* Explode.scnp in Resources */,
			);
			runOnlyForDeploymentPostprocessing = 0;
		};
/* End PBXResourcesBuildPhase section */

/* Begin PBXSourcesBuildPhase section */
		1D94C835237140F200A5ABDC /* Sources */ = {
			isa = PBXSourcesBuildPhase;
			buildActionMask = 2147483647;
			files = (
				1D80F2EB237265A00004397C /* CubesViewController.swift in Sources */,
				1D94C841237140F200A5ABDC /* ViewController.swift in Sources */,
				1D94C83D237140F200A5ABDC /* AppDelegate.swift in Sources */,
			);
			runOnlyForDeploymentPostprocessing = 0;
		};
/* End PBXSourcesBuildPhase section */

/* Begin PBXVariantGroup section */
		1D94C842237140F200A5ABDC /* Main.storyboard */ = {
			isa = PBXVariantGroup;
			children = (
				1D94C843237140F200A5ABDC /* Base */,
			);
			name = Main.storyboard;
			sourceTree = "<group>";
		};
		1D94C847237140F400A5ABDC /* LaunchScreen.storyboard */ = {
			isa = PBXVariantGroup;
			children = (
				1D94C848237140F400A5ABDC /* Base */,
			);
			name = LaunchScreen.storyboard;
			sourceTree = "<group>";
		};
/* End PBXVariantGroup section */

/* Begin XCBuildConfiguration section */
		1D94C84B237140F400A5ABDC /* Debug */ = {
			isa = XCBuildConfiguration;
			buildSettings = {
				ALWAYS_SEARCH_USER_PATHS = NO;
				CLANG_ANALYZER_NONNULL = YES;
				CLANG_ANALYZER_NUMBER_OBJECT_CONVERSION = YES_AGGRESSIVE;
				CLANG_CXX_LANGUAGE_STANDARD = "gnu++14";
				CLANG_CXX_LIBRARY = "libc++";
				CLANG_ENABLE_MODULES = YES;
				CLANG_ENABLE_OBJC_ARC = YES;
				CLANG_ENABLE_OBJC_WEAK = YES;
				CLANG_WARN_BLOCK_CAPTURE_AUTORELEASING = YES;
				CLANG_WARN_BOOL_CONVERSION = YES;
				CLANG_WARN_COMMA = YES;
				CLANG_WARN_CONSTANT_CONVERSION = YES;
				CLANG_WARN_DEPRECATED_OBJC_IMPLEMENTATIONS = YES;
				CLANG_WARN_DIRECT_OBJC_ISA_USAGE = YES_ERROR;
				CLANG_WARN_DOCUMENTATION_COMMENTS = YES;
				CLANG_WARN_EMPTY_BODY = YES;
				CLANG_WARN_ENUM_CONVERSION = YES;
				CLANG_WARN_INFINITE_RECURSION = YES;
				CLANG_WARN_INT_CONVERSION = YES;
				CLANG_WARN_NON_LITERAL_NULL_CONVERSION = YES;
				CLANG_WARN_OBJC_IMPLICIT_RETAIN_SELF = YES;
				CLANG_WARN_OBJC_LITERAL_CONVERSION = YES;
				CLANG_WARN_OBJC_ROOT_CLASS = YES_ERROR;
				CLANG_WARN_RANGE_LOOP_ANALYSIS = YES;
				CLANG_WARN_STRICT_PROTOTYPES = YES;
				CLANG_WARN_SUSPICIOUS_MOVE = YES;
				CLANG_WARN_UNGUARDED_AVAILABILITY = YES_AGGRESSIVE;
				CLANG_WARN_UNREACHABLE_CODE = YES;
				CLANG_WARN__DUPLICATE_METHOD_MATCH = YES;
				CODE_SIGN_IDENTITY = "iPhone Developer";
				COPY_PHASE_STRIP = NO;
				DEBUG_INFORMATION_FORMAT = dwarf;
				ENABLE_STRICT_OBJC_MSGSEND = YES;
				ENABLE_TESTABILITY = YES;
				GCC_C_LANGUAGE_STANDARD = gnu11;
				GCC_DYNAMIC_NO_PIC = NO;
				GCC_NO_COMMON_BLOCKS = YES;
				GCC_OPTIMIZATION_LEVEL = 0;
				GCC_PREPROCESSOR_DEFINITIONS = (
					"DEBUG=1",
					"$(inherited)",
				);
				GCC_WARN_64_TO_32_BIT_CONVERSION = YES;
				GCC_WARN_ABOUT_RETURN_TYPE = YES_ERROR;
				GCC_WARN_UNDECLARED_SELECTOR = YES;
				GCC_WARN_UNINITIALIZED_AUTOS = YES_AGGRESSIVE;
				GCC_WARN_UNUSED_FUNCTION = YES;
				GCC_WARN_UNUSED_VARIABLE = YES;
				IPHONEOS_DEPLOYMENT_TARGET = 12.4;
				MTL_ENABLE_DEBUG_INFO = INCLUDE_SOURCE;
				MTL_FAST_MATH = YES;
				ONLY_ACTIVE_ARCH = YES;
				SDKROOT = iphoneos;
				SWIFT_ACTIVE_COMPILATION_CONDITIONS = DEBUG;
				SWIFT_OPTIMIZATION_LEVEL = "-Onone";
			};
			name = Debug;
		};
		1D94C84C237140F400A5ABDC /* Release */ = {
			isa = XCBuildConfiguration;
			buildSettings = {
				ALWAYS_SEARCH_USER_PATHS = NO;
				CLANG_ANALYZER_NONNULL = YES;
				CLANG_ANALYZER_NUMBER_OBJECT_CONVERSION = YES_AGGRESSIVE;
				CLANG_CXX_LANGUAGE_STANDARD = "gnu++14";
				CLANG_CXX_LIBRARY = "libc++";
				CLANG_ENABLE_MODULES = YES;
				CLANG_ENABLE_OBJC_ARC = YES;
				CLANG_ENABLE_OBJC_WEAK = YES;
				CLANG_WARN_BLOCK_CAPTURE_AUTORELEASING = YES;
				CLANG_WARN_BOOL_CONVERSION = YES;
				CLANG_WARN_COMMA = YES;
				CLANG_WARN_CONSTANT_CONVERSION = YES;
				CLANG_WARN_DEPRECATED_OBJC_IMPLEMENTATIONS = YES;
				CLANG_WARN_DIRECT_OBJC_ISA_USAGE = YES_ERROR;
				CLANG_WARN_DOCUMENTATION_COMMENTS = YES;
				CLANG_WARN_EMPTY_BODY = YES;
				CLANG_WARN_ENUM_CONVERSION = YES;
				CLANG_WARN_INFINITE_RECURSION = YES;
				CLANG_WARN_INT_CONVERSION = YES;
				CLANG_WARN_NON_LITERAL_NULL_CONVERSION = YES;
				CLANG_WARN_OBJC_IMPLICIT_RETAIN_SELF = YES;
				CLANG_WARN_OBJC_LITERAL_CONVERSION = YES;
				CLANG_WARN_OBJC_ROOT_CLASS = YES_ERROR;
				CLANG_WARN_RANGE_LOOP_ANALYSIS = YES;
				CLANG_WARN_STRICT_PROTOTYPES = YES;
				CLANG_WARN_SUSPICIOUS_MOVE = YES;
				CLANG_WARN_UNGUARDED_AVAILABILITY = YES_AGGRESSIVE;
				CLANG_WARN_UNREACHABLE_CODE = YES;
				CLANG_WARN__DUPLICATE_METHOD_MATCH = YES;
				CODE_SIGN_IDENTITY = "iPhone Developer";
				COPY_PHASE_STRIP = NO;
				DEBUG_INFORMATION_FORMAT = "dwarf-with-dsym";
				ENABLE_NS_ASSERTIONS = NO;
				ENABLE_STRICT_OBJC_MSGSEND = YES;
				GCC_C_LANGUAGE_STANDARD = gnu11;
				GCC_NO_COMMON_BLOCKS = YES;
				GCC_WARN_64_TO_32_BIT_CONVERSION = YES;
				GCC_WARN_ABOUT_RETURN_TYPE = YES_ERROR;
				GCC_WARN_UNDECLARED_SELECTOR = YES;
				GCC_WARN_UNINITIALIZED_AUTOS = YES_AGGRESSIVE;
				GCC_WARN_UNUSED_FUNCTION = YES;
				GCC_WARN_UNUSED_VARIABLE = YES;
				IPHONEOS_DEPLOYMENT_TARGET = 12.4;
				MTL_ENABLE_DEBUG_INFO = NO;
				MTL_FAST_MATH = YES;
				SDKROOT = iphoneos;
				SWIFT_COMPILATION_MODE = wholemodule;
				SWIFT_OPTIMIZATION_LEVEL = "-O";
				VALIDATE_PRODUCT = YES;
			};
			name = Release;
		};
		1D94C84E237140F400A5ABDC /* Debug */ = {
			isa = XCBuildConfiguration;
			buildSettings = {
				ASSETCATALOG_COMPILER_APPICON_NAME = AppIcon;
				CODE_SIGN_STYLE = Automatic;
				DEVELOPMENT_TEAM = 6TQ593XJY7;
				INFOPLIST_FILE = Demo001/Info.plist;
				LD_RUNPATH_SEARCH_PATHS = (
					"$(inherited)",
					"@executable_path/Frameworks",
				);
				PRODUCT_BUNDLE_IDENTIFIER = com.Arkray.Demo001;
				PRODUCT_NAME = "$(TARGET_NAME)";
				SWIFT_VERSION = 5.0;
				TARGETED_DEVICE_FAMILY = 1;
			};
			name = Debug;
		};
		1D94C84F237140F400A5ABDC /* Release */ = {
			isa = XCBuildConfiguration;
			buildSettings = {
				ASSETCATALOG_COMPILER_APPICON_NAME = AppIcon;
				CODE_SIGN_STYLE = Automatic;
				DEVELOPMENT_TEAM = 6TQ593XJY7;
				INFOPLIST_FILE = Demo001/Info.plist;
				LD_RUNPATH_SEARCH_PATHS = (
					"$(inherited)",
					"@executable_path/Frameworks",
				);
				PRODUCT_BUNDLE_IDENTIFIER = com.Arkray.Demo001;
				PRODUCT_NAME = "$(TARGET_NAME)";
				SWIFT_VERSION = 5.0;
				TARGETED_DEVICE_FAMILY = 1;
			};
			name = Release;
		};
/* End XCBuildConfiguration section */

/* Begin XCConfigurationList section */
		1D94C834237140F200A5ABDC /* Build configuration list for PBXProject "Demo001" */ = {
			isa = XCConfigurationList;
			buildConfigurations = (
				1D94C84B237140F400A5ABDC /* Debug */,
				1D94C84C237140F400A5ABDC /* Release */,
			);
			defaultConfigurationIsVisible = 0;
			defaultConfigurationName = Release;
		};
		1D94C84D237140F400A5ABDC /* Build configuration list for PBXNativeTarget "Demo001" */ = {
			isa = XCConfigurationList;
			buildConfigurations = (
				1D94C84E237140F400A5ABDC /* Debug */,
				1D94C84F237140F400A5ABDC /* Release */,
			);
			defaultConfigurationIsVisible = 0;
			defaultConfigurationName = Release;
		};
/* End XCConfigurationList section */
	};
	rootObject = 1D94C831237140F200A5ABDC /* Project object */;
}
